
Microsoft Visual Studio Solution File, Format Version 12.00
# Visual Studio Version 17
VisualStudioVersion = 17.5.002.0
MinimumVisualStudioVersion = 10.0.40219.1
Project("{2150E333-8FDC-42A3-9474-1A3956D46DE8}") = "Lesson01", "Lesson01", "{D62693B5-E92F-468C-BED0-96FE87CF948B}"
EndProject
Project("{9A19103F-16F7-4668-BE54-9A1E7A4F7556}") = "Task1", "Lesson01\Task1\Task1.csproj", "{A8B416DA-14A1-49A1-A6D4-2F2BE1B28BED}"
EndProject
Global
	GlobalSection(SolutionConfigurationPlatforms) = preSolution
		Debug|Any CPU = Debug|Any CPU
		Release|Any CPU = Release|Any CPU
	EndGlobalSection
	GlobalSection(ProjectConfigurationPlatforms) = postSolution
		{A8B416DA-14A1-49A1-A6D4-2F2BE1B28BED}.Debug|Any CPU.ActiveCfg = Debug|Any CPU
		{A8B416DA-14A1-49A1-A6D4-2F2BE1B28BED}.Debug|Any CPU.Build.0 = Debug|Any CPU
		{A8B416DA-14A1-49A1-A6D4-2F2BE1B28BED}.Release|Any CPU.ActiveCfg = Release|Any CPU
		{A8B416DA-14A1-49A1-A6D4-2F2BE1B28BED}.Release|Any CPU.Build.0 = Release|Any CPU
	EndGlobalSection
	GlobalSection(SolutionProperties) = preSolution
		HideSolutionNode = FALSE
	EndGlobalSection
	GlobalSection(NestedProjects) = preSolution
		{A8B416DA-14A1-49A1-A6D4-2F2BE1B28BED} = {D62693B5-E92F-468C-BED0-96FE87CF948B}
	EndGlobalSection
	GlobalSection(ExtensibilityGlobals) = postSolution
		SolutionGuid = {EF289DEA-2FDC-486A-9737-F423746B410F}
	EndGlobalSection
EndGlobal
